// !$*UTF8*$!
{
	archiveVersion = 1;
	classes = {
	};
	objectVersion = 48;
	objects = {

/* Begin PBXBuildFile section */
		59E0A6582066434000A60F71 /* AppDelegate.swift in Sources */ = {isa = PBXBuildFile; fileRef = 59E0A6572066434000A60F71 /* AppDelegate.swift */; };
		59E0A65A2066434100A60F71 /* ViewController.swift in Sources */ = {isa = PBXBuildFile; fileRef = 59E0A6592066434100A60F71 /* ViewController.swift */; };
		59E0A65D2066434100A60F71 /* Main.storyboard in Resources */ = {isa = PBXBuildFile; fileRef = 59E0A65B2066434100A60F71 /* Main.storyboard */; };
		59E0A65F2066434100A60F71 /* Assets.xcassets in Resources */ = {isa = PBXBuildFile; fileRef = 59E0A65E2066434100A60F71 /* Assets.xcassets */; };
		59E0A6622066434100A60F71 /* LaunchScreen.storyboard in Resources */ = {isa = PBXBuildFile; fileRef = 59E0A6602066434100A60F71 /* LaunchScreen.storyboard */; };
		59E0A66D2066434100A60F71 /* collageTests.swift in Sources */ = {isa = PBXBuildFile; fileRef = 59E0A66C2066434100A60F71 /* collageTests.swift */; };
		59E0A6782066434100A60F71 /* collageUITests.swift in Sources */ = {isa = PBXBuildFile; fileRef = 59E0A6772066434100A60F71 /* collageUITests.swift */; };
		59E0A686206689DA00A60F71 /* MakeStampsViewController.swift in Sources */ = {isa = PBXBuildFile; fileRef = 59E0A685206689DA00A60F71 /* MakeStampsViewController.swift */; };
		59E0A690206FCBE700A60F71 /* extension.swift in Sources */ = {isa = PBXBuildFile; fileRef = 59E0A68F206FCBE700A60F71 /* extension.swift */; };
		59E0A69D206FD7E600A60F71 /* yukichi.png in Resources */ = {isa = PBXBuildFile; fileRef = 59E0A69C206FD7E600A60F71 /* yukichi.png */; };
		59E0A6A12074EE6800A60F71 /* CollageViewController.swift in Sources */ = {isa = PBXBuildFile; fileRef = 59E0A6A02074EE6800A60F71 /* CollageViewController.swift */; };
/* End PBXBuildFile section */

/* Begin PBXContainerItemProxy section */
		59E0A6692066434100A60F71 /* PBXContainerItemProxy */ = {
			isa = PBXContainerItemProxy;
			containerPortal = 59E0A64C2066434000A60F71 /* Project object */;
			proxyType = 1;
			remoteGlobalIDString = 59E0A6532066434000A60F71;
			remoteInfo = collage;
		};
		59E0A6742066434100A60F71 /* PBXContainerItemProxy */ = {
			isa = PBXContainerItemProxy;
			containerPortal = 59E0A64C2066434000A60F71 /* Project object */;
			proxyType = 1;
			remoteGlobalIDString = 59E0A6532066434000A60F71;
			remoteInfo = collage;
		};
/* End PBXContainerItemProxy section */

/* Begin PBXFileReference section */
		59E0A6542066434000A60F71 /* collage.app */ = {isa = PBXFileReference; explicitFileType = wrapper.application; includeInIndex = 0; path = collage.app; sourceTree = BUILT_PRODUCTS_DIR; };
		59E0A6572066434000A60F71 /* AppDelegate.swift */ = {isa = PBXFileReference; lastKnownFileType = sourcecode.swift; path = AppDelegate.swift; sourceTree = "<group>"; };
		59E0A6592066434100A60F71 /* ViewController.swift */ = {isa = PBXFileReference; lastKnownFileType = sourcecode.swift; path = ViewController.swift; sourceTree = "<group>"; };
		59E0A65C2066434100A60F71 /* Base */ = {isa = PBXFileReference; lastKnownFileType = file.storyboard; name = Base; path = Base.lproj/Main.storyboard; sourceTree = "<group>"; };
		59E0A65E2066434100A60F71 /* Assets.xcassets */ = {isa = PBXFileReference; lastKnownFileType = folder.assetcatalog; path = Assets.xcassets; sourceTree = "<group>"; };
		59E0A6612066434100A60F71 /* Base */ = {isa = PBXFileReference; lastKnownFileType = file.storyboard; name = Base; path = Base.lproj/LaunchScreen.storyboard; sourceTree = "<group>"; };
		59E0A6632066434100A60F71 /* Info.plist */ = {isa = PBXFileReference; lastKnownFileType = text.plist.xml; path = Info.plist; sourceTree = "<group>"; };
		59E0A6682066434100A60F71 /* collageTests.xctest */ = {isa = PBXFileReference; explicitFileType = wrapper.cfbundle; includeInIndex = 0; path = collageTests.xctest; sourceTree = BUILT_PRODUCTS_DIR; };
		59E0A66C2066434100A60F71 /* collageTests.swift */ = {isa = PBXFileReference; lastKnownFileType = sourcecode.swift; path = collageTests.swift; sourceTree = "<group>"; };
		59E0A66E2066434100A60F71 /* Info.plist */ = {isa = PBXFileReference; lastKnownFileType = text.plist.xml; path = Info.plist; sourceTree = "<group>"; };
		59E0A6732066434100A60F71 /* collageUITests.xctest */ = {isa = PBXFileReference; explicitFileType = wrapper.cfbundle; includeInIndex = 0; path = collageUITests.xctest; sourceTree = BUILT_PRODUCTS_DIR; };
		59E0A6772066434100A60F71 /* collageUITests.swift */ = {isa = PBXFileReference; lastKnownFileType = sourcecode.swift; path = collageUITests.swift; sourceTree = "<group>"; };
		59E0A6792066434100A60F71 /* Info.plist */ = {isa = PBXFileReference; lastKnownFileType = text.plist.xml; path = Info.plist; sourceTree = "<group>"; };
		59E0A685206689DA00A60F71 /* MakeStampsViewController.swift */ = {isa = PBXFileReference; lastKnownFileType = sourcecode.swift; path = MakeStampsViewController.swift; sourceTree = "<group>"; };
		59E0A68F206FCBE700A60F71 /* extension.swift */ = {isa = PBXFileReference; lastKnownFileType = sourcecode.swift; path = extension.swift; sourceTree = "<group>"; };
		59E0A69C206FD7E600A60F71 /* yukichi.png */ = {isa = PBXFileReference; lastKnownFileType = image.png; name = yukichi.png; path = ../../../haikei/yukichi.png; sourceTree = "<group>"; };
		59E0A6A02074EE6800A60F71 /* CollageViewController.swift */ = {isa = PBXFileReference; lastKnownFileType = sourcecode.swift; path = CollageViewController.swift; sourceTree = "<group>"; };
/* End PBXFileReference section */

/* Begin PBXFrameworksBuildPhase section */
		59E0A6512066434000A60F71 /* Frameworks */ = {
			isa = PBXFrameworksBuildPhase;
			buildActionMask = 2147483647;
			files = (
			);
			runOnlyForDeploymentPostprocessing = 0;
		};
		59E0A6652066434100A60F71 /* Frameworks */ = {
			isa = PBXFrameworksBuildPhase;
			buildActionMask = 2147483647;
			files = (
			);
			runOnlyForDeploymentPostprocessing = 0;
		};
		59E0A6702066434100A60F71 /* Frameworks */ = {
			isa = PBXFrameworksBuildPhase;
			buildActionMask = 2147483647;
			files = (
			);
			runOnlyForDeploymentPostprocessing = 0;
		};
/* End PBXFrameworksBuildPhase section */

/* Begin PBXGroup section */
		59E0A64B2066434000A60F71 = {
			isa = PBXGroup;
			children = (
				59E0A6562066434000A60F71 /* collage */,
				59E0A66B2066434100A60F71 /* collageTests */,
				59E0A6762066434100A60F71 /* collageUITests */,
				59E0A6552066434000A60F71 /* Products */,
			);
			sourceTree = "<group>";
		};
		59E0A6552066434000A60F71 /* Products */ = {
			isa = PBXGroup;
			children = (
				59E0A6542066434000A60F71 /* collage.app */,
				59E0A6682066434100A60F71 /* collageTests.xctest */,
				59E0A6732066434100A60F71 /* collageUITests.xctest */,
			);
			name = Products;
			sourceTree = "<group>";
		};
		59E0A6562066434000A60F71 /* collage */ = {
			isa = PBXGroup;
			children = (
				59E0A69C206FD7E600A60F71 /* yukichi.png */,
				59E0A6572066434000A60F71 /* AppDelegate.swift */,
				59E0A68F206FCBE700A60F71 /* extension.swift */,
				59E0A6A02074EE6800A60F71 /* CollageViewController.swift */,
				59E0A685206689DA00A60F71 /* MakeStampsViewController.swift */,
				59E0A6592066434100A60F71 /* ViewController.swift */,
				59E0A65B2066434100A60F71 /* Main.storyboard */,
				59E0A65E2066434100A60F71 /* Assets.xcassets */,
				59E0A6602066434100A60F71 /* LaunchScreen.storyboard */,
				59E0A6632066434100A60F71 /* Info.plist */,
			);
			path = collage;
			sourceTree = "<group>";
		};
		59E0A66B2066434100A60F71 /* collageTests */ = {
			isa = PBXGroup;
			children = (
				59E0A66C2066434100A60F71 /* collageTests.swift */,
				59E0A66E2066434100A60F71 /* Info.plist */,
			);
			path = collageTests;
			sourceTree = "<group>";
		};
		59E0A6762066434100A60F71 /* collageUITests */ = {
			isa = PBXGroup;
			children = (
				59E0A6772066434100A60F71 /* collageUITests.swift */,
				59E0A6792066434100A60F71 /* Info.plist */,
			);
			path = collageUITests;
			sourceTree = "<group>";
		};
/* End PBXGroup section */

/* Begin PBXNativeTarget section */
		59E0A6532066434000A60F71 /* collage */ = {
			isa = PBXNativeTarget;
			buildConfigurationList = 59E0A67C2066434100A60F71 /* Build configuration list for PBXNativeTarget "collage" */;
			buildPhases = (
				59E0A6502066434000A60F71 /* Sources */,
				59E0A6512066434000A60F71 /* Frameworks */,
				59E0A6522066434000A60F71 /* Resources */,
			);
			buildRules = (
			);
			dependencies = (
			);
			name = collage;
			productName = collage;
			productReference = 59E0A6542066434000A60F71 /* collage.app */;
			productType = "com.apple.product-type.application";
		};
		59E0A6672066434100A60F71 /* collageTests */ = {
			isa = PBXNativeTarget;
			buildConfigurationList = 59E0A67F2066434100A60F71 /* Build configuration list for PBXNativeTarget "collageTests" */;
			buildPhases = (
				59E0A6642066434100A60F71 /* Sources */,
				59E0A6652066434100A60F71 /* Frameworks */,
				59E0A6662066434100A60F71 /* Resources */,
			);
			buildRules = (
			);
			dependencies = (
				59E0A66A2066434100A60F71 /* PBXTargetDependency */,
			);
			name = collageTests;
			productName = collageTests;
			productReference = 59E0A6682066434100A60F71 /* collageTests.xctest */;
			productType = "com.apple.product-type.bundle.unit-test";
		};
		59E0A6722066434100A60F71 /* collageUITests */ = {
			isa = PBXNativeTarget;
			buildConfigurationList = 59E0A6822066434100A60F71 /* Build configuration list for PBXNativeTarget "collageUITests" */;
			buildPhases = (
				59E0A66F2066434100A60F71 /* Sources */,
				59E0A6702066434100A60F71 /* Frameworks */,
				59E0A6712066434100A60F71 /* Resources */,
			);
			buildRules = (
			);
			dependencies = (
				59E0A6752066434100A60F71 /* PBXTargetDependency */,
			);
			name = collageUITests;
			productName = collageUITests;
			productReference = 59E0A6732066434100A60F71 /* collageUITests.xctest */;
			productType = "com.apple.product-type.bundle.ui-testing";
		};
/* End PBXNativeTarget section */

/* Begin PBXProject section */
		59E0A64C2066434000A60F71 /* Project object */ = {
			isa = PBXProject;
			attributes = {
				LastSwiftUpdateCheck = 0920;
				LastUpgradeCheck = 0920;
				ORGANIZATIONNAME = "笠原未来";
				TargetAttributes = {
					59E0A6532066434000A60F71 = {
						CreatedOnToolsVersion = 9.2;
						ProvisioningStyle = Automatic;
					};
					59E0A6672066434100A60F71 = {
						CreatedOnToolsVersion = 9.2;
						ProvisioningStyle = Automatic;
						TestTargetID = 59E0A6532066434000A60F71;
					};
					59E0A6722066434100A60F71 = {
						CreatedOnToolsVersion = 9.2;
						ProvisioningStyle = Automatic;
						TestTargetID = 59E0A6532066434000A60F71;
					};
				};
			};
			buildConfigurationList = 59E0A64F2066434000A60F71 /* Build configuration list for PBXProject "collage" */;
			compatibilityVersion = "Xcode 8.0";
			developmentRegion = en;
			hasScannedForEncodings = 0;
			knownRegions = (
				en,
				Base,
			);
			mainGroup = 59E0A64B2066434000A60F71;
			productRefGroup = 59E0A6552066434000A60F71 /* Products */;
			projectDirPath = "";
			projectRoot = "";
			targets = (
				59E0A6532066434000A60F71 /* collage */,
				59E0A6672066434100A60F71 /* collageTests */,
				59E0A6722066434100A60F71 /* collageUITests */,
			);
		};
/* End PBXProject section */

/* Begin PBXResourcesBuildPhase section */
		59E0A6522066434000A60F71 /* Resources */ = {
			isa = PBXResourcesBuildPhase;
			buildActionMask = 2147483647;
			files = (
				59E0A69D206FD7E600A60F71 /* yukichi.png in Resources */,
				59E0A6622066434100A60F71 /* LaunchScreen.storyboard in Resources */,
				59E0A65F2066434100A60F71 /* Assets.xcassets in Resources */,
				59E0A65D2066434100A60F71 /* Main.storyboard in Resources */,
			);
			runOnlyForDeploymentPostprocessing = 0;
		};
		59E0A6662066434100A60F71 /* Resources */ = {
			isa = PBXResourcesBuildPhase;
			buildActionMask = 2147483647;
			files = (
			);
			runOnlyForDeploymentPostprocessing = 0;
		};
		59E0A6712066434100A60F71 /* Resources */ = {
			isa = PBXResourcesBuildPhase;
			buildActionMask = 2147483647;
			files = (
			);
			runOnlyForDeploymentPostprocessing = 0;
		};
/* End PBXResourcesBuildPhase section */

/* Begin PBXSourcesBuildPhase section */
		59E0A6502066434000A60F71 /* Sources */ = {
			isa = PBXSourcesBuildPhase;
			buildActionMask = 2147483647;
			files = (
				59E0A686206689DA00A60F71 /* MakeStampsViewController.swift in Sources */,
				59E0A65A2066434100A60F71 /* ViewController.swift in Sources */,
				59E0A6582066434000A60F71 /* AppDelegate.swift in Sources */,
				59E0A690206FCBE700A60F71 /* extension.swift in Sources */,
				59E0A6A12074EE6800A60F71 /* CollageViewController.swift in Sources */,
			);
			runOnlyForDeploymentPostprocessing = 0;
		};
		59E0A6642066434100A60F71 /* Sources */ = {
			isa = PBXSourcesBuildPhase;
			buildActionMask = 2147483647;
			files = (
				59E0A66D2066434100A60F71 /* collageTests.swift in Sources */,
			);
			runOnlyForDeploymentPostprocessing = 0;
		};
		59E0A66F2066434100A60F71 /* Sources */ = {
			isa = PBXSourcesBuildPhase;
			buildActionMask = 2147483647;
			files = (
				59E0A6782066434100A60F71 /* collageUITests.swift in Sources */,
			);
			runOnlyForDeploymentPostprocessing = 0;
		};
/* End PBXSourcesBuildPhase section */

/* Begin PBXTargetDependency section */
		59E0A66A2066434100A60F71 /* PBXTargetDependency */ = {
			isa = PBXTargetDependency;
			target = 59E0A6532066434000A60F71 /* collage */;
			targetProxy = 59E0A6692066434100A60F71 /* PBXContainerItemProxy */;
		};
		59E0A6752066434100A60F71 /* PBXTargetDependency */ = {
			isa = PBXTargetDependency;
			target = 59E0A6532066434000A60F71 /* collage */;
			targetProxy = 59E0A6742066434100A60F71 /* PBXContainerItemProxy */;
		};
/* End PBXTargetDependency section */

/* Begin PBXVariantGroup section */
		59E0A65B2066434100A60F71 /* Main.storyboard */ = {
			isa = PBXVariantGroup;
			children = (
				59E0A65C2066434100A60F71 /* Base */,
			);
			name = Main.storyboard;
			sourceTree = "<group>";
		};
		59E0A6602066434100A60F71 /* LaunchScreen.storyboard */ = {
			isa = PBXVariantGroup;
			children = (
				59E0A6612066434100A60F71 /* Base */,
			);
			name = LaunchScreen.storyboard;
			sourceTree = "<group>";
		};
/* End PBXVariantGroup section */

/* Begin XCBuildConfiguration section */
		59E0A67A2066434100A60F71 /* Debug */ = {
			isa = XCBuildConfiguration;
			buildSettings = {
				ALWAYS_SEARCH_USER_PATHS = NO;
				CLANG_ANALYZER_NONNULL = YES;
				CLANG_ANALYZER_NUMBER_OBJECT_CONVERSION = YES_AGGRESSIVE;
				CLANG_CXX_LANGUAGE_STANDARD = "gnu++14";
				CLANG_CXX_LIBRARY = "libc++";
				CLANG_ENABLE_MODULES = YES;
				CLANG_ENABLE_OBJC_ARC = YES;
				CLANG_WARN_BLOCK_CAPTURE_AUTORELEASING = YES;
				CLANG_WARN_BOOL_CONVERSION = YES;
				CLANG_WARN_COMMA = YES;
				CLANG_WARN_CONSTANT_CONVERSION = YES;
				CLANG_WARN_DIRECT_OBJC_ISA_USAGE = YES_ERROR;
				CLANG_WARN_DOCUMENTATION_COMMENTS = YES;
				CLANG_WARN_EMPTY_BODY = YES;
				CLANG_WARN_ENUM_CONVERSION = YES;
				CLANG_WARN_INFINITE_RECURSION = YES;
				CLANG_WARN_INT_CONVERSION = YES;
				CLANG_WARN_NON_LITERAL_NULL_CONVERSION = YES;
				CLANG_WARN_OBJC_LITERAL_CONVERSION = YES;
				CLANG_WARN_OBJC_ROOT_CLASS = YES_ERROR;
				CLANG_WARN_RANGE_LOOP_ANALYSIS = YES;
				CLANG_WARN_STRICT_PROTOTYPES = YES;
				CLANG_WARN_SUSPICIOUS_MOVE = YES;
				CLANG_WARN_UNGUARDED_AVAILABILITY = YES_AGGRESSIVE;
				CLANG_WARN_UNREACHABLE_CODE = YES;
				CLANG_WARN__DUPLICATE_METHOD_MATCH = YES;
				CODE_SIGN_IDENTITY = "iPhone Developer";
				COPY_PHASE_STRIP = NO;
				DEBUG_INFORMATION_FORMAT = dwarf;
				ENABLE_STRICT_OBJC_MSGSEND = YES;
				ENABLE_TESTABILITY = YES;
				GCC_C_LANGUAGE_STANDARD = gnu11;
				GCC_DYNAMIC_NO_PIC = NO;
				GCC_NO_COMMON_BLOCKS = YES;
				GCC_OPTIMIZATION_LEVEL = 0;
				GCC_PREPROCESSOR_DEFINITIONS = (
					"DEBUG=1",
					"$(inherited)",
				);
				GCC_WARN_64_TO_32_BIT_CONVERSION = YES;
				GCC_WARN_ABOUT_RETURN_TYPE = YES_ERROR;
				GCC_WARN_UNDECLARED_SELECTOR = YES;
				GCC_WARN_UNINITIALIZED_AUTOS = YES_AGGRESSIVE;
				GCC_WARN_UNUSED_FUNCTION = YES;
				GCC_WARN_UNUSED_VARIABLE = YES;
				IPHONEOS_DEPLOYMENT_TARGET = 11.2;
				MTL_ENABLE_DEBUG_INFO = YES;
				ONLY_ACTIVE_ARCH = YES;
				SDKROOT = iphoneos;
				SWIFT_ACTIVE_COMPILATION_CONDITIONS = DEBUG;
				SWIFT_OPTIMIZATION_LEVEL = "-Onone";
			};
			name = Debug;
		};
		59E0A67B2066434100A60F71 /* Release */ = {
			isa = XCBuildConfiguration;
			buildSettings = {
				ALWAYS_SEARCH_USER_PATHS = NO;
				CLANG_ANALYZER_NONNULL = YES;
				CLANG_ANALYZER_NUMBER_OBJECT_CONVERSION = YES_AGGRESSIVE;
				CLANG_CXX_LANGUAGE_STANDARD = "gnu++14";
				CLANG_CXX_LIBRARY = "libc++";
				CLANG_ENABLE_MODULES = YES;
				CLANG_ENABLE_OBJC_ARC = YES;
				CLANG_WARN_BLOCK_CAPTURE_AUTORELEASING = YES;
				CLANG_WARN_BOOL_CONVERSION = YES;
				CLANG_WARN_COMMA = YES;
				CLANG_WARN_CONSTANT_CONVERSION = YES;
				CLANG_WARN_DIRECT_OBJC_ISA_USAGE = YES_ERROR;
				CLANG_WARN_DOCUMENTATION_COMMENTS = YES;
				CLANG_WARN_EMPTY_BODY = YES;
				CLANG_WARN_ENUM_CONVERSION = YES;
				CLANG_WARN_INFINITE_RECURSION = YES;
				CLANG_WARN_INT_CONVERSION = YES;
				CLANG_WARN_NON_LITERAL_NULL_CONVERSION = YES;
				CLANG_WARN_OBJC_LITERAL_CONVERSION = YES;
				CLANG_WARN_OBJC_ROOT_CLASS = YES_ERROR;
				CLANG_WARN_RANGE_LOOP_ANALYSIS = YES;
				CLANG_WARN_STRICT_PROTOTYPES = YES;
				CLANG_WARN_SUSPICIOUS_MOVE = YES;
				CLANG_WARN_UNGUARDED_AVAILABILITY = YES_AGGRESSIVE;
				CLANG_WARN_UNREACHABLE_CODE = YES;
				CLANG_WARN__DUPLICATE_METHOD_MATCH = YES;
				CODE_SIGN_IDENTITY = "iPhone Developer";
				COPY_PHASE_STRIP = NO;
				DEBUG_INFORMATION_FORMAT = "dwarf-with-dsym";
				ENABLE_NS_ASSERTIONS = NO;
				ENABLE_STRICT_OBJC_MSGSEND = YES;
				GCC_C_LANGUAGE_STANDARD = gnu11;
				GCC_NO_COMMON_BLOCKS = YES;
				GCC_WARN_64_TO_32_BIT_CONVERSION = YES;
				GCC_WARN_ABOUT_RETURN_TYPE = YES_ERROR;
				GCC_WARN_UNDECLARED_SELECTOR = YES;
				GCC_WARN_UNINITIALIZED_AUTOS = YES_AGGRESSIVE;
				GCC_WARN_UNUSED_FUNCTION = YES;
				GCC_WARN_UNUSED_VARIABLE = YES;
				IPHONEOS_DEPLOYMENT_TARGET = 11.2;
				MTL_ENABLE_DEBUG_INFO = NO;
				SDKROOT = iphoneos;
				SWIFT_OPTIMIZATION_LEVEL = "-Owholemodule";
				VALIDATE_PRODUCT = YES;
			};
			name = Release;
		};
		59E0A67D2066434100A60F71 /* Debug */ = {
			isa = XCBuildConfiguration;
			buildSettings = {
				ASSETCATALOG_COMPILER_APPICON_NAME = AppIcon;
				CODE_SIGN_STYLE = Automatic;
				DEVELOPMENT_TEAM = FQ44R4777H;
				INFOPLIST_FILE = collage/Info.plist;
				IPHONEOS_DEPLOYMENT_TARGET = 11.0;
				LD_RUNPATH_SEARCH_PATHS = "$(inherited) @executable_path/Frameworks";
				PRODUCT_BUNDLE_IDENTIFIER = com.litech.collage;
				PRODUCT_NAME = "$(TARGET_NAME)";
				SWIFT_VERSION = 4.0;
				TARGETED_DEVICE_FAMILY = "1,2";
			};
			name = Debug;
		};
		59E0A67E2066434100A60F71 /* Release */ = {
			isa = XCBuildConfiguration;
			buildSettings = {
				ASSETCATALOG_COMPILER_APPICON_NAME = AppIcon;
				CODE_SIGN_STYLE = Automatic;
				DEVELOPMENT_TEAM = FQ44R4777H;
				INFOPLIST_FILE = collage/Info.plist;
				IPHONEOS_DEPLOYMENT_TARGET = 11.0;
				LD_RUNPATH_SEARCH_PATHS = "$(inherited) @executable_path/Frameworks";
				PRODUCT_BUNDLE_IDENTIFIER = com.litech.collage;
				PRODUCT_NAME = "$(TARGET_NAME)";
				SWIFT_VERSION = 4.0;
				TARGETED_DEVICE_FAMILY = "1,2";
			};
			name = Release;
		};
		59E0A6802066434100A60F71 /* Debug */ = {
			isa = XCBuildConfiguration;
			buildSettings = {
				ALWAYS_EMBED_SWIFT_STANDARD_LIBRARIES = YES;
				BUNDLE_LOADER = "$(TEST_HOST)";
				CODE_SIGN_STYLE = Automatic;
				INFOPLIST_FILE = collageTests/Info.plist;
				LD_RUNPATH_SEARCH_PATHS = "$(inherited) @executable_path/Frameworks @loader_path/Frameworks";
				PRODUCT_BUNDLE_IDENTIFIER = com.litech.collageTests;
				PRODUCT_NAME = "$(TARGET_NAME)";
				SWIFT_VERSION = 4.0;
				TARGETED_DEVICE_FAMILY = "1,2";
				TEST_HOST = "$(BUILT_PRODUCTS_DIR)/collage.app/collage";
			};
			name = Debug;
		};
		59E0A6812066434100A60F71 /* Release */ = {
			isa = XCBuildConfiguration;
			buildSettings = {
				ALWAYS_EMBED_SWIFT_STANDARD_LIBRARIES = YES;
				BUNDLE_LOADER = "$(TEST_HOST)";
				CODE_SIGN_STYLE = Automatic;
				INFOPLIST_FILE = collageTests/Info.plist;
				LD_RUNPATH_SEARCH_PATHS = "$(inherited) @executable_path/Frameworks @loader_path/Frameworks";
				PRODUCT_BUNDLE_IDENTIFIER = com.litech.collageTests;
				PRODUCT_NAME = "$(TARGET_NAME)";
				SWIFT_VERSION = 4.0;
				TARGETED_DEVICE_FAMILY = "1,2";
				TEST_HOST = "$(BUILT_PRODUCTS_DIR)/collage.app/collage";
			};
			name = Release;
		};
		59E0A6832066434100A60F71 /* Debug */ = {
			isa = XCBuildConfiguration;
			buildSettings = {
				ALWAYS_EMBED_SWIFT_STANDARD_LIBRARIES = YES;
				CODE_SIGN_STYLE = Automatic;
				INFOPLIST_FILE = collageUITests/Info.plist;
				LD_RUNPATH_SEARCH_PATHS = "$(inherited) @executable_path/Frameworks @loader_path/Frameworks";
				PRODUCT_BUNDLE_IDENTIFIER = com.litech.collageUITests;
				PRODUCT_NAME = "$(TARGET_NAME)";
				SWIFT_VERSION = 4.0;
				TARGETED_DEVICE_FAMILY = "1,2";
				TEST_TARGET_NAME = collage;
			};
			name = Debug;
		};
		59E0A6842066434100A60F71 /* Release */ = {
			isa = XCBuildConfiguration;
			buildSettings = {
				ALWAYS_EMBED_SWIFT_STANDARD_LIBRARIES = YES;
				CODE_SIGN_STYLE = Automatic;
				INFOPLIST_FILE = collageUITests/Info.plist;
				LD_RUNPATH_SEARCH_PATHS = "$(inherited) @executable_path/Frameworks @loader_path/Frameworks";
				PRODUCT_BUNDLE_IDENTIFIER = com.litech.collageUITests;
				PRODUCT_NAME = "$(TARGET_NAME)";
				SWIFT_VERSION = 4.0;
				TARGETED_DEVICE_FAMILY = "1,2";
				TEST_TARGET_NAME = collage;
			};
			name = Release;
		};
/* End XCBuildConfiguration section */

/* Begin XCConfigurationList section */
		59E0A64F2066434000A60F71 /* Build configuration list for PBXProject "collage" */ = {
			isa = XCConfigurationList;
			buildConfigurations = (
				59E0A67A2066434100A60F71 /* Debug */,
				59E0A67B2066434100A60F71 /* Release */,
			);
			defaultConfigurationIsVisible = 0;
			defaultConfigurationName = Release;
		};
		59E0A67C2066434100A60F71 /* Build configuration list for PBXNativeTarget "collage" */ = {
			isa = XCConfigurationList;
			buildConfigurations = (
				59E0A67D2066434100A60F71 /* Debug */,
				59E0A67E2066434100A60F71 /* Release */,
			);
			defaultConfigurationIsVisible = 0;
			defaultConfigurationName = Release;
		};
		59E0A67F2066434100A60F71 /* Build configuration list for PBXNativeTarget "collageTests" */ = {
			isa = XCConfigurationList;
			buildConfigurations = (
				59E0A6802066434100A60F71 /* Debug */,
				59E0A6812066434100A60F71 /* Release */,
			);
			defaultConfigurationIsVisible = 0;
			defaultConfigurationName = Release;
		};
		59E0A6822066434100A60F71 /* Build configuration list for PBXNativeTarget "collageUITests" */ = {
			isa = XCConfigurationList;
			buildConfigurations = (
				59E0A6832066434100A60F71 /* Debug */,
				59E0A6842066434100A60F71 /* Release */,
			);
			defaultConfigurationIsVisible = 0;
			defaultConfigurationName = Release;
		};
/* End XCConfigurationList section */
	};
	rootObject = 59E0A64C2066434000A60F71 /* Project object */;
}
